// !$*UTF8*$!
{
	archiveVersion = 1;
	classes = {
	};
	objectVersion = 56;
	objects = {

/* Begin PBXBuildFile section */
		490E6FDC92BB4D6CA75B247E /* BabyBookApp.swift in Sources */ = {isa = PBXBuildFile; fileRef = 5D7396FFCCF1485098178F8C /* BabyBookApp.swift */; };
		229585BD64A64CB8973203B7 /* APIModels.swift in Sources */ = {isa = PBXBuildFile; fileRef = 6298BAF7B765444FBB432DF7 /* APIModels.swift */; };
		D771C3B1684F4E089C14A41D /* BookModels.swift in Sources */ = {isa = PBXBuildFile; fileRef = EBB2F49FA6764A8A96CF8806 /* BookModels.swift */; };
		C1ADE2ADDBED40618F7B0493 /* APIConfig.swift in Sources */ = {isa = PBXBuildFile; fileRef = BE03B6B82E4240239E0A03F8 /* APIConfig.swift */; };
		1CBED638CE1A43CA95A1DEFA /* AppServices.swift in Sources */ = {isa = PBXBuildFile; fileRef = 9A1E2CF969DE4032B16DAA36 /* AppServices.swift */; };
		BED242B3AB344ECB8CC65118 /* FaceDetectionService.swift in Sources */ = {isa = PBXBuildFile; fileRef = D09534522F1E4570ACF4DC20 /* FaceDetectionService.swift */; };
		15F98FBC19EC451D82BD16A7 /* ImageUploadService.swift in Sources */ = {isa = PBXBuildFile; fileRef = BBE120B83CA04E9D83B47670 /* ImageUploadService.swift */; };
		A69091740F834933B2123D65 /* LocalBookStore.swift in Sources */ = {isa = PBXBuildFile; fileRef = 31660ED630C4489DAC19DDE3 /* LocalBookStore.swift */; };
		01191C7D71D64A80850D87C5 /* MockService.swift in Sources */ = {isa = PBXBuildFile; fileRef = 95B41DC08AA74507A51E1CB8 /* MockService.swift */; };
		EEE892F372C1436687415DD8 /* NetworkService.swift in Sources */ = {isa = PBXBuildFile; fileRef = A3D2213EB4D64A74A5859DFF /* NetworkService.swift */; };
		E7AD4853F0394DE2A2968CA5 /* PDFService.swift in Sources */ = {isa = PBXBuildFile; fileRef = 40FCF511A6654E98B685586B /* PDFService.swift */; };
		8BBF973A4C3745DAB1B635B6 /* PaymentService.swift in Sources */ = {isa = PBXBuildFile; fileRef = 18573CC7B3444AF88E1D88BF /* PaymentService.swift */; };
		3F187BE482E04A64A13DF895 /* DesignTokens.swift in Sources */ = {isa = PBXBuildFile; fileRef = 1185C87051B44CC6A2722FAB /* DesignTokens.swift */; };
		8CF95B4F41E64851BFF082DF /* NavigationPath+Environment.swift in Sources */ = {isa = PBXBuildFile; fileRef = 6633D68B5D164751B94BDC7A /* NavigationPath+Environment.swift */; };
		63C576695BF144E6B700CE1D /* BookDetailView.swift in Sources */ = {isa = PBXBuildFile; fileRef = 6C2CD56E8C3D4878A3FAFEA1 /* BookDetailView.swift */; };
		A9B719E65E474024945DDD68 /* LoadingOverlay.swift in Sources */ = {isa = PBXBuildFile; fileRef = 6950471D11EB47249E4CEF16 /* LoadingOverlay.swift */; };
		0710E031A0A34D16BCF23677 /* CompleteView.swift in Sources */ = {isa = PBXBuildFile; fileRef = F1B2EE66A32C49579DA6EB39 /* CompleteView.swift */; };
		CF483149D7314C9BB8F90A84 /* GeneratingView.swift in Sources */ = {isa = PBXBuildFile; fileRef = 8D901244C9994656B17F77ED /* GeneratingView.swift */; };
		2006C5EB1BB6482EB886600A /* HomeView.swift in Sources */ = {isa = PBXBuildFile; fileRef = FE11A7CC56B6405B8CBC5E3F /* HomeView.swift */; };
		6C9F63556013475C97CB3182 /* LocalBookDetailView.swift in Sources */ = {isa = PBXBuildFile; fileRef = 75FC8B8CB1AF4F03B9BC0DE1 /* LocalBookDetailView.swift */; };
		4E645BAA592F4257B8CE0B2B /* MyBooksView.swift in Sources */ = {isa = PBXBuildFile; fileRef = FDD56AA32BA74C41B5FE9B99 /* MyBooksView.swift */; };
		1659E5EC0CFE4FD38A91DF32 /* OnboardingView.swift in Sources */ = {isa = PBXBuildFile; fileRef = 38C3D9E6C8044A8CA52BD2F4 /* OnboardingView.swift */; };
		26C7C8E2F6564EC88F2228B6 /* PaymentView.swift in Sources */ = {isa = PBXBuildFile; fileRef = E845CAEC15AE494D8F43BDB8 /* PaymentView.swift */; };
		1147596FF3024504B21FDAFF /* CameraView.swift in Sources */ = {isa = PBXBuildFile; fileRef = 2B49B809B5A94980A199B33D /* CameraView.swift */; };
		145CCDE60A524800A8582CCB /* UploadPhotoView.swift in Sources */ = {isa = PBXBuildFile; fileRef = B0BBC44807834475AA335B0A /* UploadPhotoView.swift */; };
		E72CEA09202F47E1942375E5 /* UploadSheetView.swift in Sources */ = {isa = PBXBuildFile; fileRef = DB970D66F7C747659FEDE0C5 /* UploadSheetView.swift */; };
		FFB88B89173147278D657EB9 /* self_intro in Resources */ = {isa = PBXBuildFile; fileRef = 23AD464DCEFF4AA88A7D485A /* self_intro */; };
		5615C6A9D87548A98C28DF3F /* Assets.xcassets in Resources */ = {isa = PBXBuildFile; fileRef = D80715280171446CB568866E /* Assets.xcassets */; };
		D68B55DFDBD5402A82E5530F /* color_recognition in Resources */ = {isa = PBXBuildFile; fileRef = 56D684C6D56345EC924183F9 /* color_recognition */; };
		C399065F423844C5A3B76614 /* dream_job in Resources */ = {isa = PBXBuildFile; fileRef = 63E9AD93D8C044B7A4AC0B26 /* dream_job */; };
		71B4EF05314A44FB9795257F /* Assets.xcassets in Resources */ = {isa = PBXBuildFile; fileRef = 462F6415F478423E873F4A21 /* Assets.xcassets */; };
/* End PBXBuildFile section */

/* Begin PBXFileReference section */
		4F767D082E0342FA8419EB3F /* BabyBookApp.app */ = {isa = PBXFileReference; explicitFileType = wrapper.application; includeInIndex = 0; path = BabyBookApp.app; sourceTree = BUILT_PRODUCTS_DIR; };
		5D7396FFCCF1485098178F8C /* BabyBookApp.swift */ = {isa = PBXFileReference; lastKnownFileType = sourcecode.swift; name = "BabyBookApp.swift"; path = "BabyBookApp.swift"; sourceTree = "<group>"; };
		6298BAF7B765444FBB432DF7 /* APIModels.swift */ = {isa = PBXFileReference; lastKnownFileType = sourcecode.swift; name = "APIModels.swift"; path = "APIModels.swift"; sourceTree = "<group>"; };
		EBB2F49FA6764A8A96CF8806 /* BookModels.swift */ = {isa = PBXFileReference; lastKnownFileType = sourcecode.swift; name = "BookModels.swift"; path = "BookModels.swift"; sourceTree = "<group>"; };
		BE03B6B82E4240239E0A03F8 /* APIConfig.swift */ = {isa = PBXFileReference; lastKnownFileType = sourcecode.swift; name = "APIConfig.swift"; path = "APIConfig.swift"; sourceTree = "<group>"; };
		9A1E2CF969DE4032B16DAA36 /* AppServices.swift */ = {isa = PBXFileReference; lastKnownFileType = sourcecode.swift; name = "AppServices.swift"; path = "AppServices.swift"; sourceTree = "<group>"; };
		D09534522F1E4570ACF4DC20 /* FaceDetectionService.swift */ = {isa = PBXFileReference; lastKnownFileType = sourcecode.swift; name = "FaceDetectionService.swift"; path = "FaceDetectionService.swift"; sourceTree = "<group>"; };
		BBE120B83CA04E9D83B47670 /* ImageUploadService.swift */ = {isa = PBXFileReference; lastKnownFileType = sourcecode.swift; name = "ImageUploadService.swift"; path = "ImageUploadService.swift"; sourceTree = "<group>"; };
		31660ED630C4489DAC19DDE3 /* LocalBookStore.swift */ = {isa = PBXFileReference; lastKnownFileType = sourcecode.swift; name = "LocalBookStore.swift"; path = "LocalBookStore.swift"; sourceTree = "<group>"; };
		95B41DC08AA74507A51E1CB8 /* MockService.swift */ = {isa = PBXFileReference; lastKnownFileType = sourcecode.swift; name = "MockService.swift"; path = "MockService.swift"; sourceTree = "<group>"; };
		A3D2213EB4D64A74A5859DFF /* NetworkService.swift */ = {isa = PBXFileReference; lastKnownFileType = sourcecode.swift; name = "NetworkService.swift"; path = "NetworkService.swift"; sourceTree = "<group>"; };
		40FCF511A6654E98B685586B /* PDFService.swift */ = {isa = PBXFileReference; lastKnownFileType = sourcecode.swift; name = "PDFService.swift"; path = "PDFService.swift"; sourceTree = "<group>"; };
		18573CC7B3444AF88E1D88BF /* PaymentService.swift */ = {isa = PBXFileReference; lastKnownFileType = sourcecode.swift; name = "PaymentService.swift"; path = "PaymentService.swift"; sourceTree = "<group>"; };
		1185C87051B44CC6A2722FAB /* DesignTokens.swift */ = {isa = PBXFileReference; lastKnownFileType = sourcecode.swift; name = "DesignTokens.swift"; path = "DesignTokens.swift"; sourceTree = "<group>"; };
		6633D68B5D164751B94BDC7A /* NavigationPath+Environment.swift */ = {isa = PBXFileReference; lastKnownFileType = sourcecode.swift; name = "NavigationPath+Environment.swift"; path = "NavigationPath+Environment.swift"; sourceTree = "<group>"; };
		6C2CD56E8C3D4878A3FAFEA1 /* BookDetailView.swift */ = {isa = PBXFileReference; lastKnownFileType = sourcecode.swift; name = "BookDetailView.swift"; path = "BookDetailView.swift"; sourceTree = "<group>"; };
		6950471D11EB47249E4CEF16 /* LoadingOverlay.swift */ = {isa = PBXFileReference; lastKnownFileType = sourcecode.swift; name = "LoadingOverlay.swift"; path = "LoadingOverlay.swift"; sourceTree = "<group>"; };
		F1B2EE66A32C49579DA6EB39 /* CompleteView.swift */ = {isa = PBXFileReference; lastKnownFileType = sourcecode.swift; name = "CompleteView.swift"; path = "CompleteView.swift"; sourceTree = "<group>"; };
		8D901244C9994656B17F77ED /* GeneratingView.swift */ = {isa = PBXFileReference; lastKnownFileType = sourcecode.swift; name = "GeneratingView.swift"; path = "GeneratingView.swift"; sourceTree = "<group>"; };
		FE11A7CC56B6405B8CBC5E3F /* HomeView.swift */ = {isa = PBXFileReference; lastKnownFileType = sourcecode.swift; name = "HomeView.swift"; path = "HomeView.swift"; sourceTree = "<group>"; };
		75FC8B8CB1AF4F03B9BC0DE1 /* LocalBookDetailView.swift */ = {isa = PBXFileReference; lastKnownFileType = sourcecode.swift; name = "LocalBookDetailView.swift"; path = "LocalBookDetailView.swift"; sourceTree = "<group>"; };
		FDD56AA32BA74C41B5FE9B99 /* MyBooksView.swift */ = {isa = PBXFileReference; lastKnownFileType = sourcecode.swift; name = "MyBooksView.swift"; path = "MyBooksView.swift"; sourceTree = "<group>"; };
		38C3D9E6C8044A8CA52BD2F4 /* OnboardingView.swift */ = {isa = PBXFileReference; lastKnownFileType = sourcecode.swift; name = "OnboardingView.swift"; path = "OnboardingView.swift"; sourceTree = "<group>"; };
		E845CAEC15AE494D8F43BDB8 /* PaymentView.swift */ = {isa = PBXFileReference; lastKnownFileType = sourcecode.swift; name = "PaymentView.swift"; path = "PaymentView.swift"; sourceTree = "<group>"; };
		2B49B809B5A94980A199B33D /* CameraView.swift */ = {isa = PBXFileReference; lastKnownFileType = sourcecode.swift; name = "CameraView.swift"; path = "CameraView.swift"; sourceTree = "<group>"; };
		B0BBC44807834475AA335B0A /* UploadPhotoView.swift */ = {isa = PBXFileReference; lastKnownFileType = sourcecode.swift; name = "UploadPhotoView.swift"; path = "UploadPhotoView.swift"; sourceTree = "<group>"; };
		DB970D66F7C747659FEDE0C5 /* UploadSheetView.swift */ = {isa = PBXFileReference; lastKnownFileType = sourcecode.swift; name = "UploadSheetView.swift"; path = "UploadSheetView.swift"; sourceTree = "<group>"; };
		23AD464DCEFF4AA88A7D485A /* self_intro */ = {isa = PBXFileReference; lastKnownFileType = folder; name = "self_intro"; path = "self_intro"; sourceTree = "<group>"; };
		D80715280171446CB568866E /* Assets.xcassets */ = {isa = PBXFileReference; lastKnownFileType = folder; name = "Assets.xcassets"; path = "Assets.xcassets"; sourceTree = "<group>"; };
		56D684C6D56345EC924183F9 /* color_recognition */ = {isa = PBXFileReference; lastKnownFileType = folder; name = "color_recognition"; path = "color_recognition"; sourceTree = "<group>"; };
		63E9AD93D8C044B7A4AC0B26 /* dream_job */ = {isa = PBXFileReference; lastKnownFileType = folder; name = "dream_job"; path = "dream_job"; sourceTree = "<group>"; };
		462F6415F478423E873F4A21 /* Assets.xcassets */ = {isa = PBXFileReference; lastKnownFileType = folder.assetcatalog; name = "Assets.xcassets"; path = "Assets.xcassets"; sourceTree = "<group>"; };
/* End PBXFileReference section */

/* Begin PBXFrameworksBuildPhase section */
		027D61654B9C42BAAA0E064E /* Frameworks */ = {
			isa = PBXFrameworksBuildPhase;
			buildActionMask = 2147483647;
			files = (
			);
			runOnlyForDeploymentPostprocessing = 0;
		};
/* End PBXFrameworksBuildPhase section */

/* Begin PBXGroup section */
		CDDA145925674BD5B1E83AE3 = {
			isa = PBXGroup;
			children = (
				D3D1A38278F043D08DD0BB79 /* Sources */,
				12F6AE59E7254B91A4389B71 /* Products */,
			);
			sourceTree = "<group>";
		};
		12F6AE59E7254B91A4389B71 /* Products */ = {
			isa = PBXGroup;
			children = (
				4F767D082E0342FA8419EB3F /* BabyBookApp.app */,
			);
			name = Products;
			sourceTree = "<group>";
		};
		D3D1A38278F043D08DD0BB79 /* Sources */ = {
			isa = PBXGroup;
			children = (
				C3F7CD6AE224477EB88F1DC8 /* BabyBookApp */,
			);
			path = Sources;
			sourceTree = "<group>";
		};
		C3F7CD6AE224477EB88F1DC8 /* BabyBookApp */ = {
			isa = PBXGroup;
			children = (
				8855825B06BA40A3BF912D45 /* Models */,
				419BDC5EFB1F4A9D9C474C63 /* Resources */,
				E0CA0675B11448CCB646935C /* Services */,
				CC031C83D0E2449D815500E9 /* Utils */,
				70FF29AD14524752824E3929 /* Views */,
				5D7396FFCCF1485098178F8C /* BabyBookApp.swift */,
			);
			path = BabyBookApp;
			sourceTree = "<group>";
		};
		8855825B06BA40A3BF912D45 /* Models */ = {
			isa = PBXGroup;
			children = (
				6298BAF7B765444FBB432DF7 /* APIModels.swift */,
				EBB2F49FA6764A8A96CF8806 /* BookModels.swift */,
			);
			path = Models;
			sourceTree = "<group>";
		};
		419BDC5EFB1F4A9D9C474C63 /* Resources */ = {
			isa = PBXGroup;
			children = (
				30EE2560A60A4DE78BA09BCE /* Assets.xcassets */,
				4BB47C2CD5264EAE859FCC5F /* color_recognition */,
				D454F0466DED44B1B010635D /* dream_job */,
				23BB08C27F464A8097B606FC /* self_intro */,
				23AD464DCEFF4AA88A7D485A /* self_intro */,
				D80715280171446CB568866E /* Assets.xcassets */,
				56D684C6D56345EC924183F9 /* color_recognition */,
				63E9AD93D8C044B7A4AC0B26 /* dream_job */,
				462F6415F478423E873F4A21 /* Assets.xcassets */,
			);
			path = Resources;
			sourceTree = "<group>";
		};
		30EE2560A60A4DE78BA09BCE /* Assets.xcassets */ = {
			isa = PBXGroup;
			children = (

			);
			path = Assets.xcassets;
			sourceTree = "<group>";
		};
		4BB47C2CD5264EAE859FCC5F /* color_recognition */ = {
			isa = PBXGroup;
			children = (

			);
			path = color_recognition;
			sourceTree = "<group>";
		};
		D454F0466DED44B1B010635D /* dream_job */ = {
			isa = PBXGroup;
			children = (

			);
			path = dream_job;
			sourceTree = "<group>";
		};
		23BB08C27F464A8097B606FC /* self_intro */ = {
			isa = PBXGroup;
			children = (

			);
			path = self_intro;
			sourceTree = "<group>";
		};
		E0CA0675B11448CCB646935C /* Services */ = {
			isa = PBXGroup;
			children = (
				BE03B6B82E4240239E0A03F8 /* APIConfig.swift */,
				9A1E2CF969DE4032B16DAA36 /* AppServices.swift */,
				D09534522F1E4570ACF4DC20 /* FaceDetectionService.swift */,
				BBE120B83CA04E9D83B47670 /* ImageUploadService.swift */,
				31660ED630C4489DAC19DDE3 /* LocalBookStore.swift */,
				95B41DC08AA74507A51E1CB8 /* MockService.swift */,
				A3D2213EB4D64A74A5859DFF /* NetworkService.swift */,
				40FCF511A6654E98B685586B /* PDFService.swift */,
				18573CC7B3444AF88E1D88BF /* PaymentService.swift */,
			);
			path = Services;
			sourceTree = "<group>";
		};
		CC031C83D0E2449D815500E9 /* Utils */ = {
			isa = PBXGroup;
			children = (
				1185C87051B44CC6A2722FAB /* DesignTokens.swift */,
				6633D68B5D164751B94BDC7A /* NavigationPath+Environment.swift */,
			);
			path = Utils;
			sourceTree = "<group>";
		};
		70FF29AD14524752824E3929 /* Views */ = {
			isa = PBXGroup;
			children = (
				5250BBDD1D2047FAA4187E7A /* BookDetail */,
				DA2603CD973547969FB8BC43 /* Common */,
				862EC6BCBC6743D4AEA93A78 /* Complete */,
				650B04C7615B48EA82A60AA2 /* Generating */,
				B29F2921EE014E978DFEA85E /* Home */,
				4993EB68BC0947418DA2C8A4 /* MyBooks */,
				71B5F9D8938E446E9FAD46AE /* Onboarding */,
				C336FE0BA15C4F1795F70673 /* Payment */,
				FA15906075AC48A1B2B74DE4 /* Upload */,
			);
			path = Views;
			sourceTree = "<group>";
		};
		5250BBDD1D2047FAA4187E7A /* BookDetail */ = {
			isa = PBXGroup;
			children = (
				6C2CD56E8C3D4878A3FAFEA1 /* BookDetailView.swift */,
			);
			path = BookDetail;
			sourceTree = "<group>";
		};
		DA2603CD973547969FB8BC43 /* Common */ = {
			isa = PBXGroup;
			children = (
				6950471D11EB47249E4CEF16 /* LoadingOverlay.swift */,
			);
			path = Common;
			sourceTree = "<group>";
		};
		862EC6BCBC6743D4AEA93A78 /* Complete */ = {
			isa = PBXGroup;
			children = (
				F1B2EE66A32C49579DA6EB39 /* CompleteView.swift */,
			);
			path = Complete;
			sourceTree = "<group>";
		};
		650B04C7615B48EA82A60AA2 /* Generating */ = {
			isa = PBXGroup;
			children = (
				8D901244C9994656B17F77ED /* GeneratingView.swift */,
			);
			path = Generating;
			sourceTree = "<group>";
		};
		B29F2921EE014E978DFEA85E /* Home */ = {
			isa = PBXGroup;
			children = (
				FE11A7CC56B6405B8CBC5E3F /* HomeView.swift */,
			);
			path = Home;
			sourceTree = "<group>";
		};
		4993EB68BC0947418DA2C8A4 /* MyBooks */ = {
			isa = PBXGroup;
			children = (
				75FC8B8CB1AF4F03B9BC0DE1 /* LocalBookDetailView.swift */,
				FDD56AA32BA74C41B5FE9B99 /* MyBooksView.swift */,
			);
			path = MyBooks;
			sourceTree = "<group>";
		};
		71B5F9D8938E446E9FAD46AE /* Onboarding */ = {
			isa = PBXGroup;
			children = (
				38C3D9E6C8044A8CA52BD2F4 /* OnboardingView.swift */,
			);
			path = Onboarding;
			sourceTree = "<group>";
		};
		C336FE0BA15C4F1795F70673 /* Payment */ = {
			isa = PBXGroup;
			children = (
				E845CAEC15AE494D8F43BDB8 /* PaymentView.swift */,
			);
			path = Payment;
			sourceTree = "<group>";
		};
		FA15906075AC48A1B2B74DE4 /* Upload */ = {
			isa = PBXGroup;
			children = (
				2B49B809B5A94980A199B33D /* CameraView.swift */,
				B0BBC44807834475AA335B0A /* UploadPhotoView.swift */,
				DB970D66F7C747659FEDE0C5 /* UploadSheetView.swift */,
			);
			path = Upload;
			sourceTree = "<group>";
		};
/* End PBXGroup section */

/* Begin PBXNativeTarget section */
		6B7682CB78D542E38BB01181 /* BabyBookApp */ = {
			isa = PBXNativeTarget;
			buildConfigurationList = 82EF6B0D488F4613BD68CCDF /* Build configuration list for PBXNativeTarget "BabyBookApp" */;
			buildPhases = (
				DAAD0C8AB11E459BB4179CFB /* Sources */,
				027D61654B9C42BAAA0E064E /* Frameworks */,
				0B3D02B0D71C4FB69D4DAC22 /* Resources */,
			);
			buildRules = (
			);
			dependencies = (
			);
			name = BabyBookApp;
			productName = BabyBookApp;
			productReference = 4F767D082E0342FA8419EB3F /* BabyBookApp.app */;
			productType = "com.apple.product-type.application";
		};
/* End PBXNativeTarget section */

/* Begin PBXProject section */
		FEF2796503B44B8AABD44A61 /* Project object */ = {
			isa = PBXProject;
			buildConfigurationList = 782FE80FF14549E7872ECC1E /* Build configuration list for PBXProject "BabyBook" */;
			compatibilityVersion = "Xcode 14.0";
			developmentRegion = en;
			hasScannedForEncodings = 0;
			knownRegions = (
				en,
				Base,
			);
			mainGroup = CDDA145925674BD5B1E83AE3;
			productRefGroup = 12F6AE59E7254B91A4389B71 /* Products */;
			projectDirPath = "";
			projectRoot = "";
			targets = (
				6B7682CB78D542E38BB01181 /* BabyBookApp */,
			);
		};
/* End PBXProject section */

/* Begin PBXResourcesBuildPhase section */
		0B3D02B0D71C4FB69D4DAC22 /* Resources */ = {
			isa = PBXResourcesBuildPhase;
			buildActionMask = 2147483647;
			files = (
				FFB88B89173147278D657EB9 /* self_intro in Resources */,
				5615C6A9D87548A98C28DF3F /* Assets.xcassets in Resources */,
				D68B55DFDBD5402A82E5530F /* color_recognition in Resources */,
				C399065F423844C5A3B76614 /* dream_job in Resources */,
				71B4EF05314A44FB9795257F /* Assets.xcassets in Resources */,

			);
			runOnlyForDeploymentPostprocessing = 0;
		};
/* End PBXResourcesBuildPhase section */

/* Begin PBXSourcesBuildPhase section */
		DAAD0C8AB11E459BB4179CFB /* Sources */ = {
			isa = PBXSourcesBuildPhase;
			buildActionMask = 2147483647;
			files = (
				490E6FDC92BB4D6CA75B247E /* BabyBookApp.swift in Sources */,
				229585BD64A64CB8973203B7 /* APIModels.swift in Sources */,
				D771C3B1684F4E089C14A41D /* BookModels.swift in Sources */,
				C1ADE2ADDBED40618F7B0493 /* APIConfig.swift in Sources */,
				1CBED638CE1A43CA95A1DEFA /* AppServices.swift in Sources */,
				BED242B3AB344ECB8CC65118 /* FaceDetectionService.swift in Sources */,
				15F98FBC19EC451D82BD16A7 /* ImageUploadService.swift in Sources */,
				A69091740F834933B2123D65 /* LocalBookStore.swift in Sources */,
				01191C7D71D64A80850D87C5 /* MockService.swift in Sources */,
				EEE892F372C1436687415DD8 /* NetworkService.swift in Sources */,
				E7AD4853F0394DE2A2968CA5 /* PDFService.swift in Sources */,
				8BBF973A4C3745DAB1B635B6 /* PaymentService.swift in Sources */,
				3F187BE482E04A64A13DF895 /* DesignTokens.swift in Sources */,
				8CF95B4F41E64851BFF082DF /* NavigationPath+Environment.swift in Sources */,
				63C576695BF144E6B700CE1D /* BookDetailView.swift in Sources */,
				A9B719E65E474024945DDD68 /* LoadingOverlay.swift in Sources */,
				0710E031A0A34D16BCF23677 /* CompleteView.swift in Sources */,
				CF483149D7314C9BB8F90A84 /* GeneratingView.swift in Sources */,
				2006C5EB1BB6482EB886600A /* HomeView.swift in Sources */,
				6C9F63556013475C97CB3182 /* LocalBookDetailView.swift in Sources */,
				4E645BAA592F4257B8CE0B2B /* MyBooksView.swift in Sources */,
				1659E5EC0CFE4FD38A91DF32 /* OnboardingView.swift in Sources */,
				26C7C8E2F6564EC88F2228B6 /* PaymentView.swift in Sources */,
				1147596FF3024504B21FDAFF /* CameraView.swift in Sources */,
				145CCDE60A524800A8582CCB /* UploadPhotoView.swift in Sources */,
				E72CEA09202F47E1942375E5 /* UploadSheetView.swift in Sources */,

			);
			runOnlyForDeploymentPostprocessing = 0;
		};
/* End PBXSourcesBuildPhase section */

/* Begin XCBuildConfiguration section */
		F92DC432E25348258746EB38 /* Debug */ = {
			isa = XCBuildConfiguration;
			buildSettings = {
				ASSETCATALOG_COMPILER_APPICON_NAME = AppIcon;
				ASSETCATALOG_COMPILER_GLOBAL_ACCENT_COLOR_NAME = AccentColor;
				CODE_SIGN_STYLE = Automatic;
				CURRENT_PROJECT_VERSION = 1;
				DEVELOPMENT_TEAM = "";
				GENERATE_INFOPLIST_FILE = YES;
				INFOPLIST_FILE = "";
				INFOPLIST_KEY_UIApplicationSceneManifest_Generation = YES;
				INFOPLIST_KEY_UIApplicationSupportsIndirectInputEvents = YES;
				INFOPLIST_KEY_UILaunchScreen_Generation = YES;
				INFOPLIST_KEY_UISupportedInterfaceOrientations_iPad = "UIInterfaceOrientationPortrait UIInterfaceOrientationPortraitUpsideDown UIInterfaceOrientationLandscapeLeft UIInterfaceOrientationLandscapeRight";
				INFOPLIST_KEY_UISupportedInterfaceOrientations_iPhone = UIInterfaceOrientationPortrait;
				IPHONEOS_DEPLOYMENT_TARGET = 16.0;
				LD_RUNPATH_SEARCH_PATHS = (
					"$(inherited)",
					"@executable_path/Frameworks",
				);
				MARKETING_VERSION = 1.0;
				PRODUCT_BUNDLE_IDENTIFIER = com.shihui.babybook;
				PRODUCT_NAME = "$(TARGET_NAME)";
				SDKROOT = iphoneos;
				SWIFT_EMIT_LOC_STRINGS = YES;
				SWIFT_VERSION = 5.0;
				TARGETED_DEVICE_FAMILY = "1,2";
				// 隐私权限描述
				INFOPLIST_KEY_NSCameraUsageDescription = "需要访问相机以拍摄宝宝照片，用于生成专属绘本";
				INFOPLIST_KEY_NSPhotoLibraryUsageDescription = "需要访问相册以选择宝宝照片，用于生成专属绘本";
			};
			name = Debug;
		};
		927526EAD789475A938BB04B /* Release */ = {
			isa = XCBuildConfiguration;
			buildSettings = {
				ASSETCATALOG_COMPILER_APPICON_NAME = AppIcon;
				ASSETCATALOG_COMPILER_GLOBAL_ACCENT_COLOR_NAME = AccentColor;
				CODE_SIGN_STYLE = Automatic;
				CURRENT_PROJECT_VERSION = 1;
				DEVELOPMENT_TEAM = "";
				GENERATE_INFOPLIST_FILE = YES;
				INFOPLIST_FILE = "";
				INFOPLIST_KEY_UIApplicationSceneManifest_Generation = YES;
				INFOPLIST_KEY_UIApplicationSupportsIndirectInputEvents = YES;
				INFOPLIST_KEY_UILaunchScreen_Generation = YES;
				INFOPLIST_KEY_UISupportedInterfaceOrientations_iPad = "UIInterfaceOrientationPortrait UIInterfaceOrientationPortraitUpsideDown UIInterfaceOrientationLandscapeLeft UIInterfaceOrientationLandscapeRight";
				INFOPLIST_KEY_UISupportedInterfaceOrientations_iPhone = UIInterfaceOrientationPortrait;
				IPHONEOS_DEPLOYMENT_TARGET = 16.0;
				LD_RUNPATH_SEARCH_PATHS = (
					"$(inherited)",
					"@executable_path/Frameworks",
				);
				MARKETING_VERSION = 1.0;
				PRODUCT_BUNDLE_IDENTIFIER = com.shihui.babybook;
				PRODUCT_NAME = "$(TARGET_NAME)";
				SDKROOT = iphoneos;
				SWIFT_EMIT_LOC_STRINGS = YES;
				SWIFT_VERSION = 5.0;
				TARGETED_DEVICE_FAMILY = "1,2";
				// 隐私权限描述
				INFOPLIST_KEY_NSCameraUsageDescription = "需要访问相机以拍摄宝宝照片，用于生成专属绘本";
				INFOPLIST_KEY_NSPhotoLibraryUsageDescription = "需要访问相册以选择宝宝照片，用于生成专属绘本";
			};
			name = Release;
		};
		45660B3C367148A1B974D8BC /* Debug */ = {
			isa = XCBuildConfiguration;
			buildSettings = {
				ALWAYS_SEARCH_USER_PATHS = NO;
				CLANG_ANALYZER_NONNULL = YES;
				CLANG_ENABLE_OBJC_ARC = YES;
				COPY_PHASE_STRIP = NO;
				DEBUG_INFORMATION_FORMAT = dwarf;
				ENABLE_TESTABILITY = YES;
				GCC_DYNAMIC_NO_PIC = NO;
				GCC_NO_COMMON_BLOCKS = YES;
				GCC_OPTIMIZATION_LEVEL = 0;
				GCC_PREPROCESSOR_DEFINITIONS = (
					"DEBUG=1",
					"$(inherited)",
				);
				IPHONEOS_DEPLOYMENT_TARGET = 16.0;
				ONLY_ACTIVE_ARCH = YES;
				SDKROOT = iphoneos;
				SWIFT_ACTIVE_COMPILATION_CONDITIONS = DEBUG;
				SWIFT_OPTIMIZATION_LEVEL = "-Onone";
			};
			name = Debug;
		};
		81AA502C76C64DB893365B98 /* Release */ = {
			isa = XCBuildConfiguration;
			buildSettings = {
				ALWAYS_SEARCH_USER_PATHS = NO;
				CLANG_ANALYZER_NONNULL = YES;
				CLANG_ENABLE_OBJC_ARC = YES;
				COPY_PHASE_STRIP = NO;
				DEBUG_INFORMATION_FORMAT = "dwarf-with-dsym";
				ENABLE_NS_ASSERTIONS = NO;
				GCC_NO_COMMON_BLOCKS = YES;
				IPHONEOS_DEPLOYMENT_TARGET = 16.0;
				SDKROOT = iphoneos;
				SWIFT_COMPILATION_MODE = wholemodule;
				VALIDATE_PRODUCT = YES;
			};
			name = Release;
		};
/* End XCBuildConfiguration section */

/* Begin XCConfigurationList section */
		82EF6B0D488F4613BD68CCDF /* Build configuration list for PBXNativeTarget "BabyBookApp" */ = {
			isa = XCConfigurationList;
			buildConfigurations = (
				F92DC432E25348258746EB38 /* Debug */,
				927526EAD789475A938BB04B /* Release */,
			);
			defaultConfigurationIsVisible = 0;
			defaultConfigurationName = Release;
		};
		782FE80FF14549E7872ECC1E /* Build configuration list for PBXProject "BabyBook" */ = {
			isa = XCConfigurationList;
			buildConfigurations = (
				45660B3C367148A1B974D8BC /* Debug */,
				81AA502C76C64DB893365B98 /* Release */,
			);
			defaultConfigurationIsVisible = 0;
			defaultConfigurationName = Release;
		};
/* End XCConfigurationList section */
	};
	rootObject = FEF2796503B44B8AABD44A61 /* Project object */;
}
