// !$*UTF8*$!
{
	archiveVersion = 1;
	classes = {
	};
	objectVersion = 56;
	objects = {

/* Begin PBXBuildFile section */
		D2C8FF736AB54A398BFFAC2B /* LocalBookStore.swift in Sources */ = {isa = PBXBuildFile; fileRef = EADEDCBF5F474A7494374722 /* LocalBookStore.swift */; };
		ECCA6656457F4B4F99EB8669 /* LocalBookDetailView.swift in Sources */ = {isa = PBXBuildFile; fileRef = 5164C8FFE963410C86A84F7F /* LocalBookDetailView.swift */; };
		A0B57262DDD1428AA5871CF6 /* StoreKit.framework in Frameworks */ = {isa = PBXBuildFile; fileRef = B0B57262DDD1428AA5871CF6 /* StoreKit.framework */; };
		0C785CF2F5ED46A0B22D52E1 /* BabyBookApp.swift in Sources */ = {isa = PBXBuildFile; fileRef = 58AA247818F44D7EAD07435F /* BabyBookApp.swift */; };
		D96BA4D5195A444199B16D04 /* APIModels.swift in Sources */ = {isa = PBXBuildFile; fileRef = E0EDFE60D0B54BBDB8ED26F1 /* APIModels.swift */; };
		59219822EE2B4D4A9D6564EB /* BookModels.swift in Sources */ = {isa = PBXBuildFile; fileRef = 675BBC5F8EB04B94A53FEC10 /* BookModels.swift */; };
		1653DE28CD834981B89BC204 /* APIConfig.swift in Sources */ = {isa = PBXBuildFile; fileRef = 1F47E87A9A5A48278CDEDABF /* APIConfig.swift */; };
		6E0C06F6FA694B7DAC707B64 /* AppServices.swift in Sources */ = {isa = PBXBuildFile; fileRef = 9562134A4C7445FD99F8CFBA /* AppServices.swift */; };
		822FB7D5975E43719F69E761 /* ImageUploadService.swift in Sources */ = {isa = PBXBuildFile; fileRef = A7D64DD3287E47FF805269E8 /* ImageUploadService.swift */; };
		F2CFF11C2A014F58A2DAF910 /* MockService.swift in Sources */ = {isa = PBXBuildFile; fileRef = 591C300D1E5C4F9E865698CC /* MockService.swift */; };
		C6C529004EA2408FA7ED9896 /* NetworkService.swift in Sources */ = {isa = PBXBuildFile; fileRef = EAC5FB7EA88D466BB3807DCC /* NetworkService.swift */; };
		49CEEBCBC8F142EAB9DE9D4E /* PDFService.swift in Sources */ = {isa = PBXBuildFile; fileRef = 11C541F36570456DACF3920F /* PDFService.swift */; };
		A0B57262DDD1428AA5871CF6 /* PaymentService.swift in Sources */ = {isa = PBXBuildFile; fileRef = 2C82FAE94D8541B38F6E5988 /* PaymentService.swift */; };
		1E2DC093117C490FB4388F13 /* DesignTokens.swift in Sources */ = {isa = PBXBuildFile; fileRef = 34C261091DE44F3DB069F483 /* DesignTokens.swift */; };
		CD3CF68741AD464B854608E3 /* NavigationPath+Environment.swift in Sources */ = {isa = PBXBuildFile; fileRef = 1E1C18BD07C34F729D4EE3BE /* NavigationPath+Environment.swift */; };
		C93D64B509D94C82BCFF8DF5 /* BookDetailView.swift in Sources */ = {isa = PBXBuildFile; fileRef = DB4EC710F9A942DC84012633 /* BookDetailView.swift */; };
		4BFC77BC1D664B3DBC1EE805 /* LoadingOverlay.swift in Sources */ = {isa = PBXBuildFile; fileRef = 8309F2CEE1E04F1AB22E5E32 /* LoadingOverlay.swift */; };
		4C04112CCA914E53850EFE7B /* CompleteView.swift in Sources */ = {isa = PBXBuildFile; fileRef = BECE98AF0A2C42D38DA597A9 /* CompleteView.swift */; };
		2CBDEC4A08424BD398B4F6A6 /* GeneratingView.swift in Sources */ = {isa = PBXBuildFile; fileRef = C16256C2F3E84B2AB2B6D334 /* GeneratingView.swift */; };
		BEC5A62AA6764F508C9D5C4F /* HomeView.swift in Sources */ = {isa = PBXBuildFile; fileRef = DA9ABD4E214843F49518B3E5 /* HomeView.swift */; };
		F7B19982881A46A69A68532F /* MyBooksView.swift in Sources */ = {isa = PBXBuildFile; fileRef = 601E5C87F1294DD8BBBD982A /* MyBooksView.swift */; };
		83F0536BCB6A4FF18E851B74 /* OnboardingView.swift in Sources */ = {isa = PBXBuildFile; fileRef = 5F49A77EF9354420A17C5287 /* OnboardingView.swift */; };
		34231976795B49FCB0057471 /* PaymentView.swift in Sources */ = {isa = PBXBuildFile; fileRef = A054E94365A54D5EA96C7BA7 /* PaymentView.swift */; };
		F20D2086364046818B487BC6 /* UploadPhotoView.swift in Sources */ = {isa = PBXBuildFile; fileRef = F5863B80B6DD47C6A0A2200F /* UploadPhotoView.swift */; };
		A3EF57A1D5F34A55BEDD28F5 /* UploadSheetView.swift in Sources */ = {isa = PBXBuildFile; fileRef = 948A634C78C143FFB934C54D /* UploadSheetView.swift */; };
		FACE1234BEEF5678CAFE9012 /* FaceDetectionService.swift in Sources */ = {isa = PBXBuildFile; fileRef = FACE1234BEEF5678CAFE9013 /* FaceDetectionService.swift */; };
		FACE1234BEEF5678CAFE9014 /* CameraView.swift in Sources */ = {isa = PBXBuildFile; fileRef = FACE1234BEEF5678CAFE9015 /* CameraView.swift */; };
		A1493B5358F24D4FA1AB3893 /* self_intro in Resources */ = {isa = PBXBuildFile; fileRef = 02B21E25151E47CF95C55203 /* self_intro */; };
		C96FBA404BFE410580FB8208 /* Assets.xcassets in Resources */ = {isa = PBXBuildFile; fileRef = D97C93F182B94E83BA8440BA /* Assets.xcassets */; };
		18E79DF9F46F4110B48332F1 /* color_recognition in Resources */ = {isa = PBXBuildFile; fileRef = 267364CFADBF409EBE0A4DDC /* color_recognition */; };
		F9DE54C4E44C4180B22C92B9 /* dream_job in Resources */ = {isa = PBXBuildFile; fileRef = 9BFC640D77AD4C71AC4C84F2 /* dream_job */; };
		227B9BF929F244C59A5B01B5 /* Assets.xcassets in Resources */ = {isa = PBXBuildFile; fileRef = 669AB23721264CB193517E46 /* Assets.xcassets */; };
/* End PBXBuildFile section */

/* Begin PBXFileReference section */
		EADEDCBF5F474A7494374722 /* LocalBookStore.swift */ = {isa = PBXFileReference; lastKnownFileType = sourcecode.swift; name = "LocalBookStore.swift"; path = "LocalBookStore.swift"; sourceTree = "<group>"; };
		5164C8FFE963410C86A84F7F /* LocalBookDetailView.swift */ = {isa = PBXFileReference; lastKnownFileType = sourcecode.swift; name = "LocalBookDetailView.swift"; path = "LocalBookDetailView.swift"; sourceTree = "<group>"; };
		C98609E736AB48A893C4948C /* BabyBookApp.app */ = {isa = PBXFileReference; explicitFileType = wrapper.application; includeInIndex = 0; path = BabyBookApp.app; sourceTree = BUILT_PRODUCTS_DIR; };
		58AA247818F44D7EAD07435F /* BabyBookApp.swift */ = {isa = PBXFileReference; lastKnownFileType = sourcecode.swift; name = "BabyBookApp.swift"; path = "BabyBookApp.swift"; sourceTree = "<group>"; };
		E0EDFE60D0B54BBDB8ED26F1 /* APIModels.swift */ = {isa = PBXFileReference; lastKnownFileType = sourcecode.swift; name = "APIModels.swift"; path = "APIModels.swift"; sourceTree = "<group>"; };
		675BBC5F8EB04B94A53FEC10 /* BookModels.swift */ = {isa = PBXFileReference; lastKnownFileType = sourcecode.swift; name = "BookModels.swift"; path = "BookModels.swift"; sourceTree = "<group>"; };
		1F47E87A9A5A48278CDEDABF /* APIConfig.swift */ = {isa = PBXFileReference; lastKnownFileType = sourcecode.swift; name = "APIConfig.swift"; path = "APIConfig.swift"; sourceTree = "<group>"; };
		9562134A4C7445FD99F8CFBA /* AppServices.swift */ = {isa = PBXFileReference; lastKnownFileType = sourcecode.swift; name = "AppServices.swift"; path = "AppServices.swift"; sourceTree = "<group>"; };
		A7D64DD3287E47FF805269E8 /* ImageUploadService.swift */ = {isa = PBXFileReference; lastKnownFileType = sourcecode.swift; name = "ImageUploadService.swift"; path = "ImageUploadService.swift"; sourceTree = "<group>"; };
		591C300D1E5C4F9E865698CC /* MockService.swift */ = {isa = PBXFileReference; lastKnownFileType = sourcecode.swift; name = "MockService.swift"; path = "MockService.swift"; sourceTree = "<group>"; };
		EAC5FB7EA88D466BB3807DCC /* NetworkService.swift */ = {isa = PBXFileReference; lastKnownFileType = sourcecode.swift; name = "NetworkService.swift"; path = "NetworkService.swift"; sourceTree = "<group>"; };
		11C541F36570456DACF3920F /* PDFService.swift */ = {isa = PBXFileReference; lastKnownFileType = sourcecode.swift; name = "PDFService.swift"; path = "PDFService.swift"; sourceTree = "<group>"; };
		2C82FAE94D8541B38F6E5988 /* PaymentService.swift */ = {isa = PBXFileReference; lastKnownFileType = sourcecode.swift; name = "PaymentService.swift"; path = "PaymentService.swift"; sourceTree = "<group>"; };
		34C261091DE44F3DB069F483 /* DesignTokens.swift */ = {isa = PBXFileReference; lastKnownFileType = sourcecode.swift; name = "DesignTokens.swift"; path = "DesignTokens.swift"; sourceTree = "<group>"; };
		1E1C18BD07C34F729D4EE3BE /* NavigationPath+Environment.swift */ = {isa = PBXFileReference; lastKnownFileType = sourcecode.swift; name = "NavigationPath+Environment.swift"; path = "NavigationPath+Environment.swift"; sourceTree = "<group>"; };
		DB4EC710F9A942DC84012633 /* BookDetailView.swift */ = {isa = PBXFileReference; lastKnownFileType = sourcecode.swift; name = "BookDetailView.swift"; path = "BookDetailView.swift"; sourceTree = "<group>"; };
		8309F2CEE1E04F1AB22E5E32 /* LoadingOverlay.swift */ = {isa = PBXFileReference; lastKnownFileType = sourcecode.swift; name = "LoadingOverlay.swift"; path = "LoadingOverlay.swift"; sourceTree = "<group>"; };
		BECE98AF0A2C42D38DA597A9 /* CompleteView.swift */ = {isa = PBXFileReference; lastKnownFileType = sourcecode.swift; name = "CompleteView.swift"; path = "CompleteView.swift"; sourceTree = "<group>"; };
		C16256C2F3E84B2AB2B6D334 /* GeneratingView.swift */ = {isa = PBXFileReference; lastKnownFileType = sourcecode.swift; name = "GeneratingView.swift"; path = "GeneratingView.swift"; sourceTree = "<group>"; };
		DA9ABD4E214843F49518B3E5 /* HomeView.swift */ = {isa = PBXFileReference; lastKnownFileType = sourcecode.swift; name = "HomeView.swift"; path = "HomeView.swift"; sourceTree = "<group>"; };
		601E5C87F1294DD8BBBD982A /* MyBooksView.swift */ = {isa = PBXFileReference; lastKnownFileType = sourcecode.swift; name = "MyBooksView.swift"; path = "MyBooksView.swift"; sourceTree = "<group>"; };
		5F49A77EF9354420A17C5287 /* OnboardingView.swift */ = {isa = PBXFileReference; lastKnownFileType = sourcecode.swift; name = "OnboardingView.swift"; path = "OnboardingView.swift"; sourceTree = "<group>"; };
		A054E94365A54D5EA96C7BA7 /* PaymentView.swift */ = {isa = PBXFileReference; lastKnownFileType = sourcecode.swift; name = "PaymentView.swift"; path = "PaymentView.swift"; sourceTree = "<group>"; };
		F5863B80B6DD47C6A0A2200F /* UploadPhotoView.swift */ = {isa = PBXFileReference; lastKnownFileType = sourcecode.swift; name = "UploadPhotoView.swift"; path = "UploadPhotoView.swift"; sourceTree = "<group>"; };
		948A634C78C143FFB934C54D /* UploadSheetView.swift */ = {isa = PBXFileReference; lastKnownFileType = sourcecode.swift; name = "UploadSheetView.swift"; path = "UploadSheetView.swift"; sourceTree = "<group>"; };
		FACE1234BEEF5678CAFE9013 /* FaceDetectionService.swift */ = {isa = PBXFileReference; lastKnownFileType = sourcecode.swift; name = "FaceDetectionService.swift"; path = "FaceDetectionService.swift"; sourceTree = "<group>"; };
		FACE1234BEEF5678CAFE9015 /* CameraView.swift */ = {isa = PBXFileReference; lastKnownFileType = sourcecode.swift; name = "CameraView.swift"; path = "CameraView.swift"; sourceTree = "<group>"; };
		02B21E25151E47CF95C55203 /* self_intro */ = {isa = PBXFileReference; lastKnownFileType = folder; name = "self_intro"; path = "self_intro"; sourceTree = "<group>"; };
		D97C93F182B94E83BA8440BA /* Assets.xcassets */ = {isa = PBXFileReference; lastKnownFileType = folder; name = "Assets.xcassets"; path = "Assets.xcassets"; sourceTree = "<group>"; };
		267364CFADBF409EBE0A4DDC /* color_recognition */ = {isa = PBXFileReference; lastKnownFileType = folder; name = "color_recognition"; path = "color_recognition"; sourceTree = "<group>"; };
		9BFC640D77AD4C71AC4C84F2 /* dream_job */ = {isa = PBXFileReference; lastKnownFileType = folder; name = "dream_job"; path = "dream_job"; sourceTree = "<group>"; };
		669AB23721264CB193517E46 /* Assets.xcassets */ = {isa = PBXFileReference; lastKnownFileType = folder.assetcatalog; name = "Assets.xcassets"; path = "Assets.xcassets"; sourceTree = "<group>"; };
		B0B57262DDD1428AA5871CF6 /* StoreKit.framework */ = {isa = PBXFileReference; lastKnownFileType = wrapper.framework; name = StoreKit.framework; path = System/Library/Frameworks/StoreKit.framework; sourceTree = SDKROOT; };
/* End PBXFileReference section */

/* Begin PBXFrameworksBuildPhase section */
		FCEC6E8F269D4F10B198CD6C /* Frameworks */ = {
			isa = PBXFrameworksBuildPhase;
			buildActionMask = 2147483647;
			files = (
				A0B57262DDD1428AA5871CF6 /* StoreKit.framework in Frameworks */,
			);
			runOnlyForDeploymentPostprocessing = 0;
		};
/* End PBXFrameworksBuildPhase section */

/* Begin PBXGroup section */
		2F23059D9E94470488DAA373 = {
			isa = PBXGroup;
			children = (
				FFE549FA41D4421286FC0896 /* Sources */,
				659E69DCACAC471B93D09192 /* Products */,
				7BSKXTD6DF /* Frameworks */,
			);
			sourceTree = "<group>";
		};
		659E69DCACAC471B93D09192 /* Products */ = {
			isa = PBXGroup;
			children = (
				C98609E736AB48A893C4948C /* BabyBookApp.app */,
			);
			name = Products;
			sourceTree = "<group>";
		};
		7BSKXTD6DF /* Frameworks */ = {
			isa = PBXGroup;
			children = (
				B0B57262DDD1428AA5871CF6 /* StoreKit.framework */,
			);
			name = Frameworks;
			sourceTree = "<group>";
		};
		FFE549FA41D4421286FC0896 /* Sources */ = {
			isa = PBXGroup;
			children = (
				9C61F2BAD07745FDA64E11B8 /* BabyBookApp */,
			);
			path = Sources;
			sourceTree = "<group>";
		};
		9C61F2BAD07745FDA64E11B8 /* BabyBookApp */ = {
			isa = PBXGroup;
			children = (
				68C3A86CA457410F8CC098CC /* Models */,
				CE1B4D02CF544F4DA7C18A60 /* Resources */,
				E66833454CD54A3785D0915E /* Services */,
				1B443C1DA3E04D809F2CA2BF /* Utils */,
				210FAF7D0F5446D5BC548AAE /* Views */,
				58AA247818F44D7EAD07435F /* BabyBookApp.swift */,
			);
			path = BabyBookApp;
			sourceTree = "<group>";
		};
		68C3A86CA457410F8CC098CC /* Models */ = {
			isa = PBXGroup;
			children = (
				E0EDFE60D0B54BBDB8ED26F1 /* APIModels.swift */,
				675BBC5F8EB04B94A53FEC10 /* BookModels.swift */,
			);
			path = Models;
			sourceTree = "<group>";
		};
		CE1B4D02CF544F4DA7C18A60 /* Resources */ = {
			isa = PBXGroup;
			children = (
				F13DC152851D4761B99AF4DE /* Assets.xcassets */,
				180BD0493044491E8A44FA38 /* color_recognition */,
				16FDF161C2FB46529F61C0A4 /* dream_job */,
				D1B66E9A99A3438997F93E03 /* self_intro */,
				02B21E25151E47CF95C55203 /* self_intro */,
				D97C93F182B94E83BA8440BA /* Assets.xcassets */,
				267364CFADBF409EBE0A4DDC /* color_recognition */,
				9BFC640D77AD4C71AC4C84F2 /* dream_job */,
				669AB23721264CB193517E46 /* Assets.xcassets */,
			);
			path = Resources;
			sourceTree = "<group>";
		};
		F13DC152851D4761B99AF4DE /* Assets.xcassets */ = {
			isa = PBXGroup;
			children = (

			);
			path = Assets.xcassets;
			sourceTree = "<group>";
		};
		180BD0493044491E8A44FA38 /* color_recognition */ = {
			isa = PBXGroup;
			children = (

			);
			path = color_recognition;
			sourceTree = "<group>";
		};
		16FDF161C2FB46529F61C0A4 /* dream_job */ = {
			isa = PBXGroup;
			children = (

			);
			path = dream_job;
			sourceTree = "<group>";
		};
		D1B66E9A99A3438997F93E03 /* self_intro */ = {
			isa = PBXGroup;
			children = (

			);
			path = self_intro;
			sourceTree = "<group>";
		};
		E66833454CD54A3785D0915E /* Services */ = {
			isa = PBXGroup;
			children = (
				1F47E87A9A5A48278CDEDABF /* APIConfig.swift */,
				9562134A4C7445FD99F8CFBA /* AppServices.swift */,
				A7D64DD3287E47FF805269E8 /* ImageUploadService.swift */,
				591C300D1E5C4F9E865698CC /* MockService.swift */,
				EAC5FB7EA88D466BB3807DCC /* NetworkService.swift */,
				11C541F36570456DACF3920F /* PDFService.swift */,
				2C82FAE94D8541B38F6E5988 /* PaymentService.swift */,
				FACE1234BEEF5678CAFE9013 /* FaceDetectionService.swift */,
				EADEDCBF5F474A7494374722 /* LocalBookStore.swift */,
			);
			path = Services;
			sourceTree = "<group>";
		};
		1B443C1DA3E04D809F2CA2BF /* Utils */ = {
			isa = PBXGroup;
			children = (
				34C261091DE44F3DB069F483 /* DesignTokens.swift */,
				1E1C18BD07C34F729D4EE3BE /* NavigationPath+Environment.swift */,
			);
			path = Utils;
			sourceTree = "<group>";
		};
		210FAF7D0F5446D5BC548AAE /* Views */ = {
			isa = PBXGroup;
			children = (
				1D7D938902514E7483DAFDCD /* BookDetail */,
				19B16542A22E42B1910F3542 /* Common */,
				F4CDECEE40A0445C83D357BD /* Complete */,
				AB8F13C910A84341A00B0AAC /* Generating */,
				802564AC6BB44835A286F0FC /* Home */,
				E862B58E02BF4A1EBD198CDB /* MyBooks */,
				3EBBFF1A77D142B19BD7926E /* Onboarding */,
				709143FE401F4E7A977FC987 /* Payment */,
				619F0F26717F4367994B379D /* Upload */,
			);
			path = Views;
			sourceTree = "<group>";
		};
		1D7D938902514E7483DAFDCD /* BookDetail */ = {
			isa = PBXGroup;
			children = (
				DB4EC710F9A942DC84012633 /* BookDetailView.swift */,
			);
			path = BookDetail;
			sourceTree = "<group>";
		};
		19B16542A22E42B1910F3542 /* Common */ = {
			isa = PBXGroup;
			children = (
				8309F2CEE1E04F1AB22E5E32 /* LoadingOverlay.swift */,
			);
			path = Common;
			sourceTree = "<group>";
		};
		F4CDECEE40A0445C83D357BD /* Complete */ = {
			isa = PBXGroup;
			children = (
				BECE98AF0A2C42D38DA597A9 /* CompleteView.swift */,
			);
			path = Complete;
			sourceTree = "<group>";
		};
		AB8F13C910A84341A00B0AAC /* Generating */ = {
			isa = PBXGroup;
			children = (
				C16256C2F3E84B2AB2B6D334 /* GeneratingView.swift */,
			);
			path = Generating;
			sourceTree = "<group>";
		};
		802564AC6BB44835A286F0FC /* Home */ = {
			isa = PBXGroup;
			children = (
				DA9ABD4E214843F49518B3E5 /* HomeView.swift */,
			);
			path = Home;
			sourceTree = "<group>";
		};
		E862B58E02BF4A1EBD198CDB /* MyBooks */ = {
			isa = PBXGroup;
			children = (
				601E5C87F1294DD8BBBD982A /* MyBooksView.swift */,
				5164C8FFE963410C86A84F7F /* LocalBookDetailView.swift */,
			);
			path = MyBooks;
			sourceTree = "<group>";
		};
		3EBBFF1A77D142B19BD7926E /* Onboarding */ = {
			isa = PBXGroup;
			children = (
				5F49A77EF9354420A17C5287 /* OnboardingView.swift */,
			);
			path = Onboarding;
			sourceTree = "<group>";
		};
		709143FE401F4E7A977FC987 /* Payment */ = {
			isa = PBXGroup;
			children = (
				A054E94365A54D5EA96C7BA7 /* PaymentView.swift */,
			);
			path = Payment;
			sourceTree = "<group>";
		};
		619F0F26717F4367994B379D /* Upload */ = {
			isa = PBXGroup;
			children = (
				F5863B80B6DD47C6A0A2200F /* UploadPhotoView.swift */,
				948A634C78C143FFB934C54D /* UploadSheetView.swift */,
				FACE1234BEEF5678CAFE9015 /* CameraView.swift */,
			);
			path = Upload;
			sourceTree = "<group>";
		};
/* End PBXGroup section */

/* Begin PBXNativeTarget section */
		A2CC72547B5E40BEAD03DC37 /* BabyBookApp */ = {
			isa = PBXNativeTarget;
			buildConfigurationList = D30BEECCF52047BDBDFC2B2A /* Build configuration list for PBXNativeTarget "BabyBookApp" */;
			buildPhases = (
				083BEA0D6772414CAB1CC7FD /* Sources */,
				FCEC6E8F269D4F10B198CD6C /* Frameworks */,
				98F599B5351449E291E3E8FF /* Resources */,
			);
			buildRules = (
			);
			dependencies = (
			);
			name = BabyBookApp;
			productName = BabyBookApp;
			productReference = C98609E736AB48A893C4948C /* BabyBookApp.app */;
			productType = "com.apple.product-type.application";
		};
/* End PBXNativeTarget section */

/* Begin PBXProject section */
		B0FC1C655EB3495E98F465BE /* Project object */ = {
			isa = PBXProject;
			buildConfigurationList = 37F6BF9E5CC14D72A9CC6605 /* Build configuration list for PBXProject "BabyBook" */;
			compatibilityVersion = "Xcode 14.0";
			developmentRegion = en;
			hasScannedForEncodings = 0;
			knownRegions = (
				en,
				Base,
			);
			mainGroup = 2F23059D9E94470488DAA373;
			productRefGroup = 659E69DCACAC471B93D09192 /* Products */;
			projectDirPath = "";
			projectRoot = "";
			targets = (
				A2CC72547B5E40BEAD03DC37 /* BabyBookApp */,
			);
		};
/* End PBXProject section */

/* Begin PBXResourcesBuildPhase section */
		98F599B5351449E291E3E8FF /* Resources */ = {
			isa = PBXResourcesBuildPhase;
			buildActionMask = 2147483647;
			files = (
				A1493B5358F24D4FA1AB3893 /* self_intro in Resources */,
				C96FBA404BFE410580FB8208 /* Assets.xcassets in Resources */,
				18E79DF9F46F4110B48332F1 /* color_recognition in Resources */,
				F9DE54C4E44C4180B22C92B9 /* dream_job in Resources */,
				227B9BF929F244C59A5B01B5 /* Assets.xcassets in Resources */,
			);
			runOnlyForDeploymentPostprocessing = 0;
		};
/* End PBXResourcesBuildPhase section */

/* Begin PBXSourcesBuildPhase section */
		083BEA0D6772414CAB1CC7FD /* Sources */ = {
			isa = PBXSourcesBuildPhase;
			buildActionMask = 2147483647;
			files = (
				0C785CF2F5ED46A0B22D52E1 /* BabyBookApp.swift in Sources */,
				D96BA4D5195A444199B16D04 /* APIModels.swift in Sources */,
				59219822EE2B4D4A9D6564EB /* BookModels.swift in Sources */,
				1653DE28CD834981B89BC204 /* APIConfig.swift in Sources */,
				6E0C06F6FA694B7DAC707B64 /* AppServices.swift in Sources */,
				822FB7D5975E43719F69E761 /* ImageUploadService.swift in Sources */,
				F2CFF11C2A014F58A2DAF910 /* MockService.swift in Sources */,
				C6C529004EA2408FA7ED9896 /* NetworkService.swift in Sources */,
				49CEEBCBC8F142EAB9DE9D4E /* PDFService.swift in Sources */,
				A0B57262DDD1428AA5871CF6 /* PaymentService.swift in Sources */,
				ECCA6656457F4B4F99EB8669 /* LocalBookDetailView.swift in Sources */,
				D2C8FF736AB54A398BFFAC2B /* LocalBookStore.swift in Sources */,
				1E2DC093117C490FB4388F13 /* DesignTokens.swift in Sources */,
				CD3CF68741AD464B854608E3 /* NavigationPath+Environment.swift in Sources */,
				C93D64B509D94C82BCFF8DF5 /* BookDetailView.swift in Sources */,
				4BFC77BC1D664B3DBC1EE805 /* LoadingOverlay.swift in Sources */,
				4C04112CCA914E53850EFE7B /* CompleteView.swift in Sources */,
				2CBDEC4A08424BD398B4F6A6 /* GeneratingView.swift in Sources */,
				BEC5A62AA6764F508C9D5C4F /* HomeView.swift in Sources */,
				F7B19982881A46A69A68532F /* MyBooksView.swift in Sources */,
				83F0536BCB6A4FF18E851B74 /* OnboardingView.swift in Sources */,
				34231976795B49FCB0057471 /* PaymentView.swift in Sources */,
				F20D2086364046818B487BC6 /* UploadPhotoView.swift in Sources */,
				A3EF57A1D5F34A55BEDD28F5 /* UploadSheetView.swift in Sources */,
			FACE1234BEEF5678CAFE9012 /* FaceDetectionService.swift in Sources */,
			FACE1234BEEF5678CAFE9014 /* CameraView.swift in Sources */,
			);
			runOnlyForDeploymentPostprocessing = 0;
		};
/* End PBXSourcesBuildPhase section */

/* Begin XCBuildConfiguration section */
		6B82635D45994779AFD35651 /* Debug */ = {
			isa = XCBuildConfiguration;
			buildSettings = {
				ASSETCATALOG_COMPILER_APPICON_NAME = AppIcon;
				ASSETCATALOG_COMPILER_GLOBAL_ACCENT_COLOR_NAME = AccentColor;
				CODE_SIGN_STYLE = Automatic;
				CURRENT_PROJECT_VERSION = 1;
				DEVELOPMENT_TEAM = 7BSKXTD6DF;
				CODE_SIGN_ENTITLEMENTS = BabyBookApp.entitlements;
				GENERATE_INFOPLIST_FILE = YES;
				INFOPLIST_FILE = "";
				INFOPLIST_KEY_UIApplicationSceneManifest_Generation = YES;
				INFOPLIST_KEY_UIApplicationSupportsIndirectInputEvents = YES;
				INFOPLIST_KEY_UILaunchScreen_Generation = YES;
				INFOPLIST_KEY_NSCameraUsageDescription = "需要访问相机拍摄宝宝照片，用于生成专属绘本";
				INFOPLIST_KEY_NSPhotoLibraryUsageDescription = "需要访问相册选择宝宝照片，用于生成专属绘本";
				INFOPLIST_KEY_UISupportedInterfaceOrientations_iPad = "UIInterfaceOrientationPortrait UIInterfaceOrientationPortraitUpsideDown UIInterfaceOrientationLandscapeLeft UIInterfaceOrientationLandscapeRight";
				INFOPLIST_KEY_UISupportedInterfaceOrientations_iPhone = UIInterfaceOrientationPortrait;
				IPHONEOS_DEPLOYMENT_TARGET = 16.0;
				LD_RUNPATH_SEARCH_PATHS = (
					"$(inherited)",
					"@executable_path/Frameworks",
				);
				MARKETING_VERSION = 1.0;
				PRODUCT_BUNDLE_IDENTIFIER = com.shihui.babybook;
				PRODUCT_NAME = "$(TARGET_NAME)";
				SDKROOT = iphoneos;
				SWIFT_EMIT_LOC_STRINGS = YES;
				SWIFT_VERSION = 5.0;
				TARGETED_DEVICE_FAMILY = "1,2";
			};
			name = Debug;
		};
		2B51CE5CB77C4CBCA9ED4869 /* Release */ = {
			isa = XCBuildConfiguration;
			buildSettings = {
				ASSETCATALOG_COMPILER_APPICON_NAME = AppIcon;
				ASSETCATALOG_COMPILER_GLOBAL_ACCENT_COLOR_NAME = AccentColor;
				CODE_SIGN_STYLE = Automatic;
				CURRENT_PROJECT_VERSION = 1;
				DEVELOPMENT_TEAM = 7BSKXTD6DF;
				CODE_SIGN_ENTITLEMENTS = BabyBookApp.entitlements;
				GENERATE_INFOPLIST_FILE = YES;
				INFOPLIST_FILE = "";
				INFOPLIST_KEY_UIApplicationSceneManifest_Generation = YES;
				INFOPLIST_KEY_UIApplicationSupportsIndirectInputEvents = YES;
				INFOPLIST_KEY_UILaunchScreen_Generation = YES;
				INFOPLIST_KEY_NSCameraUsageDescription = "需要访问相机拍摄宝宝照片，用于生成专属绘本";
				INFOPLIST_KEY_NSPhotoLibraryUsageDescription = "需要访问相册选择宝宝照片，用于生成专属绘本";
				INFOPLIST_KEY_UISupportedInterfaceOrientations_iPad = "UIInterfaceOrientationPortrait UIInterfaceOrientationPortraitUpsideDown UIInterfaceOrientationLandscapeLeft UIInterfaceOrientationLandscapeRight";
				INFOPLIST_KEY_UISupportedInterfaceOrientations_iPhone = UIInterfaceOrientationPortrait;
				IPHONEOS_DEPLOYMENT_TARGET = 16.0;
				LD_RUNPATH_SEARCH_PATHS = (
					"$(inherited)",
					"@executable_path/Frameworks",
				);
				MARKETING_VERSION = 1.0;
				PRODUCT_BUNDLE_IDENTIFIER = com.shihui.babybook;
				PRODUCT_NAME = "$(TARGET_NAME)";
				SDKROOT = iphoneos;
				SWIFT_EMIT_LOC_STRINGS = YES;
				SWIFT_VERSION = 5.0;
				TARGETED_DEVICE_FAMILY = "1,2";
			};
			name = Release;
		};
		D4375539B58C47B3827DDEAF /* Debug */ = {
			isa = XCBuildConfiguration;
			buildSettings = {
				ALWAYS_SEARCH_USER_PATHS = NO;
				CLANG_ANALYZER_NONNULL = YES;
				CLANG_ENABLE_OBJC_ARC = YES;
				COPY_PHASE_STRIP = NO;
				DEBUG_INFORMATION_FORMAT = dwarf;
				ENABLE_TESTABILITY = YES;
				GCC_DYNAMIC_NO_PIC = NO;
				GCC_NO_COMMON_BLOCKS = YES;
				GCC_OPTIMIZATION_LEVEL = 0;
				GCC_PREPROCESSOR_DEFINITIONS = (
					"DEBUG=1",
					"$(inherited)",
				);
				IPHONEOS_DEPLOYMENT_TARGET = 16.0;
				ONLY_ACTIVE_ARCH = YES;
				SDKROOT = iphoneos;
				SWIFT_ACTIVE_COMPILATION_CONDITIONS = DEBUG;
				SWIFT_OPTIMIZATION_LEVEL = "-Onone";
			};
			name = Debug;
		};
		19DDEF377F7545AA8CDA8424 /* Release */ = {
			isa = XCBuildConfiguration;
			buildSettings = {
				ALWAYS_SEARCH_USER_PATHS = NO;
				CLANG_ANALYZER_NONNULL = YES;
				CLANG_ENABLE_OBJC_ARC = YES;
				COPY_PHASE_STRIP = NO;
				DEBUG_INFORMATION_FORMAT = "dwarf-with-dsym";
				ENABLE_NS_ASSERTIONS = NO;
				GCC_NO_COMMON_BLOCKS = YES;
				IPHONEOS_DEPLOYMENT_TARGET = 16.0;
				SDKROOT = iphoneos;
				SWIFT_COMPILATION_MODE = wholemodule;
				VALIDATE_PRODUCT = YES;
			};
			name = Release;
		};
/* End XCBuildConfiguration section */

/* Begin XCConfigurationList section */
		D30BEECCF52047BDBDFC2B2A /* Build configuration list for PBXNativeTarget "BabyBookApp" */ = {
			isa = XCConfigurationList;
			buildConfigurations = (
				6B82635D45994779AFD35651 /* Debug */,
				2B51CE5CB77C4CBCA9ED4869 /* Release */,
			);
			defaultConfigurationIsVisible = 0;
			defaultConfigurationName = Release;
		};
		37F6BF9E5CC14D72A9CC6605 /* Build configuration list for PBXProject "BabyBook" */ = {
			isa = XCConfigurationList;
			buildConfigurations = (
				D4375539B58C47B3827DDEAF /* Debug */,
				19DDEF377F7545AA8CDA8424 /* Release */,
			);
			defaultConfigurationIsVisible = 0;
			defaultConfigurationName = Release;
		};
/* End XCConfigurationList section */
	};
	rootObject = B0FC1C655EB3495E98F465BE /* Project object */;
}
